
Microsoft Visual Studio Solution File, Format Version 12.00
# Visual Studio Version 16
VisualStudioVersion = 16.0.29806.167
MinimumVisualStudioVersion = 10.0.40219.1
Project("{9A19103F-16F7-4668-BE54-9A1E7A4F7556}") = "BDInfo", "BDInfo\BDInfo.csproj", "{8993A1DB-DB2E-46C8-BA1E-F6C8FE8158F7}"
EndProject
Project("{9A19103F-16F7-4668-BE54-9A1E7A4F7556}") = "BDExtractor", "BDExtractor\BDExtractor.csproj", "{7DB8725D-E6B1-43DF-9546-42C3AD2CA9A0}"
EndProject
Project("{9A19103F-16F7-4668-BE54-9A1E7A4F7556}") = "BDCommon", "BDCommon\BDCommon.csproj", "{6D228997-CA22-42CD-A043-0A2574E09507}"
EndProject
Project("{9A19103F-16F7-4668-BE54-9A1E7A4F7556}") = "BDCreator", "BDCreator\BDCreator.csproj", "{D6737382-48F3-4B8F-9F55-D8BE33ACA54F}"
EndProject
Project("{FAE04EC0-301F-11D3-BF4B-00C04F79EFBC}") = "BDInfo.NetFramework", "BDInfo.NetFramework\BDInfo.NetFramework.csproj", "{4ADADACA-C761-4E0A-94CB-03FC4E715C1B}"
EndProject
Project("{FAE04EC0-301F-11D3-BF4B-00C04F79EFBC}") = "BDInfo.OldCore21", "BDInfo.OldCore\BDInfo.OldCore21.csproj", "{CB26A66B-4C35-47E5-9C27-A045D2CBB52B}"
EndProject
Global
	GlobalSection(SolutionConfigurationPlatforms) = preSolution
		Debug|Any CPU = Debug|Any CPU
		Release|Any CPU = Release|Any CPU
	EndGlobalSection
	GlobalSection(ProjectConfigurationPlatforms) = postSolution
		{8993A1DB-DB2E-46C8-BA1E-F6C8FE8158F7}.Debug|Any CPU.ActiveCfg = Debug|Any CPU
		{8993A1DB-DB2E-46C8-BA1E-F6C8FE8158F7}.Debug|Any CPU.Build.0 = Debug|Any CPU
		{8993A1DB-DB2E-46C8-BA1E-F6C8FE8158F7}.Release|Any CPU.ActiveCfg = Release|Any CPU
		{8993A1DB-DB2E-46C8-BA1E-F6C8FE8158F7}.Release|Any CPU.Build.0 = Release|Any CPU
		{7DB8725D-E6B1-43DF-9546-42C3AD2CA9A0}.Debug|Any CPU.ActiveCfg = Debug|Any CPU
		{7DB8725D-E6B1-43DF-9546-42C3AD2CA9A0}.Debug|Any CPU.Build.0 = Debug|Any CPU
		{7DB8725D-E6B1-43DF-9546-42C3AD2CA9A0}.Release|Any CPU.ActiveCfg = Release|Any CPU
		{7DB8725D-E6B1-43DF-9546-42C3AD2CA9A0}.Release|Any CPU.Build.0 = Release|Any CPU
		{6D228997-CA22-42CD-A043-0A2574E09507}.Debug|Any CPU.ActiveCfg = Debug|Any CPU
		{6D228997-CA22-42CD-A043-0A2574E09507}.Debug|Any CPU.Build.0 = Debug|Any CPU
		{6D228997-CA22-42CD-A043-0A2574E09507}.Release|Any CPU.ActiveCfg = Release|Any CPU
		{6D228997-CA22-42CD-A043-0A2574E09507}.Release|Any CPU.Build.0 = Release|Any CPU
		{D6737382-48F3-4B8F-9F55-D8BE33ACA54F}.Debug|Any CPU.ActiveCfg = Debug|Any CPU
		{D6737382-48F3-4B8F-9F55-D8BE33ACA54F}.Debug|Any CPU.Build.0 = Debug|Any CPU
		{D6737382-48F3-4B8F-9F55-D8BE33ACA54F}.Release|Any CPU.ActiveCfg = Release|Any CPU
		{D6737382-48F3-4B8F-9F55-D8BE33ACA54F}.Release|Any CPU.Build.0 = Release|Any CPU
		{4ADADACA-C761-4E0A-94CB-03FC4E715C1B}.Debug|Any CPU.ActiveCfg = Debug|Any CPU
		{4ADADACA-C761-4E0A-94CB-03FC4E715C1B}.Debug|Any CPU.Build.0 = Debug|Any CPU
		{4ADADACA-C761-4E0A-94CB-03FC4E715C1B}.Release|Any CPU.ActiveCfg = Release|Any CPU
		{4ADADACA-C761-4E0A-94CB-03FC4E715C1B}.Release|Any CPU.Build.0 = Release|Any CPU
		{CB26A66B-4C35-47E5-9C27-A045D2CBB52B}.Debug|Any CPU.ActiveCfg = Debug|Any CPU
		{CB26A66B-4C35-47E5-9C27-A045D2CBB52B}.Debug|Any CPU.Build.0 = Debug|Any CPU
		{CB26A66B-4C35-47E5-9C27-A045D2CBB52B}.Release|Any CPU.ActiveCfg = Release|Any CPU
		{CB26A66B-4C35-47E5-9C27-A045D2CBB52B}.Release|Any CPU.Build.0 = Release|Any CPU
	EndGlobalSection
	GlobalSection(SolutionProperties) = preSolution
		HideSolutionNode = FALSE
	EndGlobalSection
	GlobalSection(ExtensibilityGlobals) = postSolution
		SolutionGuid = {1E53D7A8-3B95-4BE7-ABCC-D9A86E466C97}
	EndGlobalSection
EndGlobal
